# THIS IS AN AUTOGENERATED FILE. DO NOT EDIT THIS FILE DIRECTLY.
# yarn lockfile v1


fable-elmish@next:
  version "0.9.0-beta-7"
  resolved "https://registry.yarnpkg.com/fable-elmish/-/fable-elmish-0.9.0-beta-7.tgz#b933870485b66ea057a10dd5e277767a8cc0dd65"

fable-powerpack@next:
  version "1.0.0-narumi-5"
  resolved "https://registry.yarnpkg.com/fable-powerpack/-/fable-powerpack-1.0.0-narumi-5.tgz#485e39d3f3f7f1bd5c18b2653406d776cace160d"

fable-react@^1.0.0-narumi-4:
  version "1.0.0-narumi-4"
  resolved "https://registry.yarnpkg.com/fable-react/-/fable-react-1.0.0-narumi-4.tgz#258d21c53d9d32de42ecbbf0c26e6f31c804cecd"
